// !$*UTF8*$!
{
	archiveVersion = 1;
	classes = {
	};
	objectVersion = 60;
	objects = {

/* Begin PBXBuildFile section */
		A10000000000000000000001 /* CopawApp.swift in Sources */ = {isa = PBXBuildFile; fileRef = A20000000000000000000001 /* CopawApp.swift */; };
		A10000000000000000000002 /* Models.swift in Sources */ = {isa = PBXBuildFile; fileRef = A20000000000000000000002 /* Models.swift */; };
		A10000000000000000000003 /* CareService.swift in Sources */ = {isa = PBXBuildFile; fileRef = A20000000000000000000003 /* CareService.swift */; };
		A10000000000000000000004 /* MockCareService.swift in Sources */ = {isa = PBXBuildFile; fileRef = A20000000000000000000004 /* MockCareService.swift */; };
		A10000000000000000000005 /* CareStore.swift in Sources */ = {isa = PBXBuildFile; fileRef = A20000000000000000000005 /* CareStore.swift */; };
		A10000000000000000000006 /* Theme.swift in Sources */ = {isa = PBXBuildFile; fileRef = A20000000000000000000006 /* Theme.swift */; };
		A10000000000000000000007 /* RootView.swift in Sources */ = {isa = PBXBuildFile; fileRef = A20000000000000000000007 /* RootView.swift */; };
		A10000000000000000000008 /* CreateJoinView.swift in Sources */ = {isa = PBXBuildFile; fileRef = A20000000000000000000008 /* CreateJoinView.swift */; };
		A10000000000000000000009 /* TodayView.swift in Sources */ = {isa = PBXBuildFile; fileRef = A20000000000000000000009 /* TodayView.swift */; };
		A1000000000000000000000A /* AddTaskView.swift in Sources */ = {isa = PBXBuildFile; fileRef = A2000000000000000000000A /* AddTaskView.swift */; };
		A1000000000000000000000B /* ActivityView.swift in Sources */ = {isa = PBXBuildFile; fileRef = A2000000000000000000000B /* ActivityView.swift */; };
		A1000000000000000000000C /* PremiumView.swift in Sources */ = {isa = PBXBuildFile; fileRef = A2000000000000000000000C /* PremiumView.swift */; };
		A1000000000000000000000D /* Assets.xcassets in Resources */ = {isa = PBXBuildFile; fileRef = A2000000000000000000000D /* Assets.xcassets */; };
		A1000000000000000000000E /* TaskCardView.swift in Sources */ = {isa = PBXBuildFile; fileRef = A2000000000000000000000F /* TaskCardView.swift */; };
		A1000000000000000000000F /* ScheduleView.swift in Sources */ = {isa = PBXBuildFile; fileRef = A20000000000000000000010 /* ScheduleView.swift */; };
		A10000000000000000000020 /* FirebaseAppDelegate.swift in Sources */ = {isa = PBXBuildFile; fileRef = A20000000000000000000020 /* FirebaseAppDelegate.swift */; };
		A10000000000000000000021 /* FirebaseModels.swift in Sources */ = {isa = PBXBuildFile; fileRef = A20000000000000000000021 /* FirebaseModels.swift */; };
		A10000000000000000000022 /* FirebaseCareService.swift in Sources */ = {isa = PBXBuildFile; fileRef = A20000000000000000000022 /* FirebaseCareService.swift */; };
		A10000000000000000000023 /* FirebaseCore in Frameworks */ = {isa = PBXBuildFile; productRef = C10000000000000000000001 /* FirebaseCore */; };
		A10000000000000000000024 /* FirebaseAuth in Frameworks */ = {isa = PBXBuildFile; productRef = C10000000000000000000002 /* FirebaseAuth */; };
		A10000000000000000000025 /* FirebaseFirestore in Frameworks */ = {isa = PBXBuildFile; productRef = C10000000000000000000003 /* FirebaseFirestore */; };
		A10000000000000000000026 /* GoogleService-Info.plist in Resources */ = {isa = PBXBuildFile; fileRef = A20000000000000000000023 /* GoogleService-Info.plist */; };
		A10000000000000000000027 /* ProfileEditView.swift in Sources */ = {isa = PBXBuildFile; fileRef = A20000000000000000000024 /* ProfileEditView.swift */; };
/* End PBXBuildFile section */

/* Begin PBXFileReference section */
		A20000000000000000000001 /* CopawApp.swift */ = {isa = PBXFileReference; lastKnownFileType = sourcecode.swift; path = CopawApp.swift; sourceTree = "<group>"; };
		A20000000000000000000002 /* Models.swift */ = {isa = PBXFileReference; lastKnownFileType = sourcecode.swift; path = Models.swift; sourceTree = "<group>"; };
		A20000000000000000000003 /* CareService.swift */ = {isa = PBXFileReference; lastKnownFileType = sourcecode.swift; path = CareService.swift; sourceTree = "<group>"; };
		A20000000000000000000004 /* MockCareService.swift */ = {isa = PBXFileReference; lastKnownFileType = sourcecode.swift; path = MockCareService.swift; sourceTree = "<group>"; };
		A20000000000000000000005 /* CareStore.swift */ = {isa = PBXFileReference; lastKnownFileType = sourcecode.swift; path = CareStore.swift; sourceTree = "<group>"; };
		A20000000000000000000006 /* Theme.swift */ = {isa = PBXFileReference; lastKnownFileType = sourcecode.swift; path = Theme.swift; sourceTree = "<group>"; };
		A20000000000000000000007 /* RootView.swift */ = {isa = PBXFileReference; lastKnownFileType = sourcecode.swift; path = RootView.swift; sourceTree = "<group>"; };
		A20000000000000000000008 /* CreateJoinView.swift */ = {isa = PBXFileReference; lastKnownFileType = sourcecode.swift; path = CreateJoinView.swift; sourceTree = "<group>"; };
		A20000000000000000000009 /* TodayView.swift */ = {isa = PBXFileReference; lastKnownFileType = sourcecode.swift; path = TodayView.swift; sourceTree = "<group>"; };
		A2000000000000000000000A /* AddTaskView.swift */ = {isa = PBXFileReference; lastKnownFileType = sourcecode.swift; path = AddTaskView.swift; sourceTree = "<group>"; };
		A2000000000000000000000B /* ActivityView.swift */ = {isa = PBXFileReference; lastKnownFileType = sourcecode.swift; path = ActivityView.swift; sourceTree = "<group>"; };
		A2000000000000000000000C /* PremiumView.swift */ = {isa = PBXFileReference; lastKnownFileType = sourcecode.swift; path = PremiumView.swift; sourceTree = "<group>"; };
		A2000000000000000000000D /* Assets.xcassets */ = {isa = PBXFileReference; lastKnownFileType = folder.assetcatalog; path = Assets.xcassets; sourceTree = "<group>"; };
		A2000000000000000000000E /* copaw.app */ = {isa = PBXFileReference; explicitFileType = wrapper.application; includeInIndex = 0; path = copaw.app; sourceTree = BUILT_PRODUCTS_DIR; };
		A2000000000000000000000F /* TaskCardView.swift */ = {isa = PBXFileReference; lastKnownFileType = sourcecode.swift; path = TaskCardView.swift; sourceTree = "<group>"; };
		A20000000000000000000010 /* ScheduleView.swift */ = {isa = PBXFileReference; lastKnownFileType = sourcecode.swift; path = ScheduleView.swift; sourceTree = "<group>"; };
		A20000000000000000000020 /* FirebaseAppDelegate.swift */ = {isa = PBXFileReference; lastKnownFileType = sourcecode.swift; path = FirebaseAppDelegate.swift; sourceTree = "<group>"; };
		A20000000000000000000021 /* FirebaseModels.swift */ = {isa = PBXFileReference; lastKnownFileType = sourcecode.swift; path = FirebaseModels.swift; sourceTree = "<group>"; };
		A20000000000000000000022 /* FirebaseCareService.swift */ = {isa = PBXFileReference; lastKnownFileType = sourcecode.swift; path = FirebaseCareService.swift; sourceTree = "<group>"; };
		A20000000000000000000023 /* GoogleService-Info.plist */ = {isa = PBXFileReference; lastKnownFileType = text.plist.xml; path = "GoogleService-Info.plist"; sourceTree = "<group>"; };
		A20000000000000000000024 /* ProfileEditView.swift */ = {isa = PBXFileReference; lastKnownFileType = sourcecode.swift; path = ProfileEditView.swift; sourceTree = "<group>"; };
/* End PBXFileReference section */

/* Begin PBXFrameworksBuildPhase section */
		A30000000000000000000001 /* Frameworks */ = {
			isa = PBXFrameworksBuildPhase;
			buildActionMask = 2147483647;
			files = (
				A10000000000000000000023 /* FirebaseCore in Frameworks */,
				A10000000000000000000024 /* FirebaseAuth in Frameworks */,
				A10000000000000000000025 /* FirebaseFirestore in Frameworks */,
			);
			runOnlyForDeploymentPostprocessing = 0;
		};
/* End PBXFrameworksBuildPhase section */

/* Begin PBXGroup section */
		A40000000000000000000001 = {
			isa = PBXGroup;
			children = (
				A40000000000000000000002 /* copaw */,
				A40000000000000000000009 /* Products */,
			);
			sourceTree = "<group>";
		};
		A40000000000000000000002 /* copaw */ = {
			isa = PBXGroup;
			children = (
				A40000000000000000000003 /* App */,
				A40000000000000000000004 /* Models */,
				A40000000000000000000005 /* Services */,
				A40000000000000000000006 /* Store */,
				A40000000000000000000007 /* Views */,
				A40000000000000000000008 /* Resources */,
			);
			path = copaw;
			sourceTree = "<group>";
		};
		A40000000000000000000003 /* App */ = {
			isa = PBXGroup;
			children = (
				A20000000000000000000001 /* CopawApp.swift */,
				A20000000000000000000020 /* FirebaseAppDelegate.swift */,
			);
			path = App;
			sourceTree = "<group>";
		};
		A40000000000000000000004 /* Models */ = {
			isa = PBXGroup;
			children = (
				A20000000000000000000002 /* Models.swift */,
				A20000000000000000000021 /* FirebaseModels.swift */,
			);
			path = Models;
			sourceTree = "<group>";
		};
		A40000000000000000000005 /* Services */ = {
			isa = PBXGroup;
			children = (
				A20000000000000000000003 /* CareService.swift */,
				A20000000000000000000004 /* MockCareService.swift */,
				A20000000000000000000022 /* FirebaseCareService.swift */,
			);
			path = Services;
			sourceTree = "<group>";
		};
		A40000000000000000000006 /* Store */ = {
			isa = PBXGroup;
			children = (
				A20000000000000000000005 /* CareStore.swift */,
			);
			path = Store;
			sourceTree = "<group>";
		};
		A40000000000000000000007 /* Views */ = {
			isa = PBXGroup;
			children = (
				A20000000000000000000006 /* Theme.swift */,
				A20000000000000000000007 /* RootView.swift */,
				A20000000000000000000008 /* CreateJoinView.swift */,
				A20000000000000000000009 /* TodayView.swift */,
				A2000000000000000000000A /* AddTaskView.swift */,
				A2000000000000000000000B /* ActivityView.swift */,
				A2000000000000000000000C /* PremiumView.swift */,
				A2000000000000000000000F /* TaskCardView.swift */,
				A20000000000000000000010 /* ScheduleView.swift */,
				A20000000000000000000024 /* ProfileEditView.swift */,
			);
			path = Views;
			sourceTree = "<group>";
		};
		A40000000000000000000008 /* Resources */ = {
			isa = PBXGroup;
			children = (
				A2000000000000000000000D /* Assets.xcassets */,
				A20000000000000000000023 /* GoogleService-Info.plist */,
			);
			path = Resources;
			sourceTree = "<group>";
		};
		A40000000000000000000009 /* Products */ = {
			isa = PBXGroup;
			children = (
				A2000000000000000000000E /* copaw.app */,
			);
			name = Products;
			sourceTree = "<group>";
		};
/* End PBXGroup section */

/* Begin PBXNativeTarget section */
		A50000000000000000000001 /* copaw */ = {
			isa = PBXNativeTarget;
			buildConfigurationList = A90000000000000000000002 /* Build configuration list for PBXNativeTarget "copaw" */;
			buildPhases = (
				A30000000000000000000002 /* Sources */,
				A30000000000000000000001 /* Frameworks */,
				A30000000000000000000003 /* Resources */,
			);
			buildRules = (
			);
			dependencies = (
			);
			name = copaw;
			packageProductDependencies = (
				C10000000000000000000001 /* FirebaseCore */,
				C10000000000000000000002 /* FirebaseAuth */,
				C10000000000000000000003 /* FirebaseFirestore */,
			);
			productName = copaw;
			productReference = A2000000000000000000000E /* copaw.app */;
			productType = "com.apple.product-type.application";
		};
/* End PBXNativeTarget section */

/* Begin PBXProject section */
		A60000000000000000000001 /* Project object */ = {
			isa = PBXProject;
			attributes = {
				BuildIndependentTargetsInParallel = 1;
				LastSwiftUpdateCheck = 2660;
				LastUpgradeCheck = 2660;
				TargetAttributes = {
					A50000000000000000000001 = {
						CreatedOnToolsVersion = 26.6;
					};
				};
			};
			buildConfigurationList = A90000000000000000000001 /* Build configuration list for PBXProject "copaw" */;
			compatibilityVersion = "Xcode 15.0";
			developmentRegion = en;
			hasScannedForEncodings = 0;
			knownRegions = (
				en,
				Base,
			);
			mainGroup = A40000000000000000000001;
			productRefGroup = A40000000000000000000009 /* Products */;
			packageReferences = (
				B10000000000000000000001 /* XCRemoteSwiftPackageReference "firebase-ios-sdk" */,
			);
			projectDirPath = "";
			projectRoot = "";
			targets = (
				A50000000000000000000001 /* copaw */,
			);
		};
/* End PBXProject section */

/* Begin PBXResourcesBuildPhase section */
		A30000000000000000000003 /* Resources */ = {
			isa = PBXResourcesBuildPhase;
			buildActionMask = 2147483647;
			files = (
				A1000000000000000000000D /* Assets.xcassets in Resources */,
				A10000000000000000000026 /* GoogleService-Info.plist in Resources */,
			);
			runOnlyForDeploymentPostprocessing = 0;
		};
/* End PBXResourcesBuildPhase section */

/* Begin PBXSourcesBuildPhase section */
		A30000000000000000000002 /* Sources */ = {
			isa = PBXSourcesBuildPhase;
			buildActionMask = 2147483647;
			files = (
				A10000000000000000000001 /* CopawApp.swift in Sources */,
				A10000000000000000000020 /* FirebaseAppDelegate.swift in Sources */,
				A10000000000000000000002 /* Models.swift in Sources */,
				A10000000000000000000021 /* FirebaseModels.swift in Sources */,
				A10000000000000000000003 /* CareService.swift in Sources */,
				A10000000000000000000004 /* MockCareService.swift in Sources */,
				A10000000000000000000022 /* FirebaseCareService.swift in Sources */,
				A10000000000000000000005 /* CareStore.swift in Sources */,
				A10000000000000000000006 /* Theme.swift in Sources */,
				A10000000000000000000007 /* RootView.swift in Sources */,
				A10000000000000000000008 /* CreateJoinView.swift in Sources */,
				A10000000000000000000009 /* TodayView.swift in Sources */,
				A1000000000000000000000A /* AddTaskView.swift in Sources */,
				A1000000000000000000000B /* ActivityView.swift in Sources */,
				A1000000000000000000000C /* PremiumView.swift in Sources */,
				A1000000000000000000000E /* TaskCardView.swift in Sources */,
				A1000000000000000000000F /* ScheduleView.swift in Sources */,
				A10000000000000000000027 /* ProfileEditView.swift in Sources */,
			);
			runOnlyForDeploymentPostprocessing = 0;
		};
/* End PBXSourcesBuildPhase section */

/* Begin XCBuildConfiguration section */
		A80000000000000000000001 /* Debug */ = {
			isa = XCBuildConfiguration;
			buildSettings = {
				ALWAYS_SEARCH_USER_PATHS = NO;
				CLANG_ENABLE_MODULES = YES;
				CLANG_ENABLE_OBJC_ARC = YES;
				COPY_PHASE_STRIP = NO;
				DEBUG_INFORMATION_FORMAT = dwarf;
				ENABLE_TESTABILITY = YES;
				GCC_C_LANGUAGE_STANDARD = gnu17;
				GCC_OPTIMIZATION_LEVEL = 0;
				ONLY_ACTIVE_ARCH = YES;
				SWIFT_ACTIVE_COMPILATION_CONDITIONS = "DEBUG $(inherited)";
				SWIFT_OPTIMIZATION_LEVEL = "-Onone";
			};
			name = Debug;
		};
		A80000000000000000000002 /* Release */ = {
			isa = XCBuildConfiguration;
			buildSettings = {
				ALWAYS_SEARCH_USER_PATHS = NO;
				CLANG_ENABLE_MODULES = YES;
				CLANG_ENABLE_OBJC_ARC = YES;
				COPY_PHASE_STRIP = NO;
				DEBUG_INFORMATION_FORMAT = "dwarf-with-dsym";
				ENABLE_NS_ASSERTIONS = NO;
				GCC_C_LANGUAGE_STANDARD = gnu17;
				SWIFT_COMPILATION_MODE = wholemodule;
			};
			name = Release;
		};
		A80000000000000000000003 /* Debug */ = {
			isa = XCBuildConfiguration;
			buildSettings = {
				ASSETCATALOG_COMPILER_APPICON_NAME = AppIcon;
				ASSETCATALOG_COMPILER_GLOBAL_ACCENT_COLOR_NAME = AccentColor;
				CODE_SIGN_STYLE = Automatic;
				CODE_SIGN_ENTITLEMENTS = copaw/copaw.entitlements;
				CURRENT_PROJECT_VERSION = 1;
				GENERATE_INFOPLIST_FILE = YES;
				INFOPLIST_KEY_UIApplicationSceneManifest_Generation = YES;
				INFOPLIST_KEY_UIApplicationSupportsIndirectInputEvents = YES;
				INFOPLIST_KEY_UILaunchScreen_Generation = YES;
				INFOPLIST_KEY_UISupportedInterfaceOrientations_iPhone = UIInterfaceOrientationPortrait;
				IPHONEOS_DEPLOYMENT_TARGET = 17.0;
				LD_RUNPATH_SEARCH_PATHS = "$(inherited) @executable_path/Frameworks";
				MARKETING_VERSION = 1.0;
				PRODUCT_BUNDLE_IDENTIFIER = com.copaw.demo;
				PRODUCT_NAME = "$(TARGET_NAME)";
				SDKROOT = iphoneos;
				SUPPORTED_PLATFORMS = "iphoneos iphonesimulator";
				SUPPORTS_MACCATALYST = NO;
				SWIFT_EMIT_LOC_STRINGS = YES;
				SWIFT_VERSION = 5.0;
				TARGETED_DEVICE_FAMILY = 1;
			};
			name = Debug;
		};
		A80000000000000000000004 /* Release */ = {
			isa = XCBuildConfiguration;
			buildSettings = {
				ASSETCATALOG_COMPILER_APPICON_NAME = AppIcon;
				ASSETCATALOG_COMPILER_GLOBAL_ACCENT_COLOR_NAME = AccentColor;
				CODE_SIGN_STYLE = Automatic;
				CODE_SIGN_ENTITLEMENTS = copaw/copaw.entitlements;
				CURRENT_PROJECT_VERSION = 1;
				GENERATE_INFOPLIST_FILE = YES;
				INFOPLIST_KEY_UIApplicationSceneManifest_Generation = YES;
				INFOPLIST_KEY_UIApplicationSupportsIndirectInputEvents = YES;
				INFOPLIST_KEY_UILaunchScreen_Generation = YES;
				INFOPLIST_KEY_UISupportedInterfaceOrientations_iPhone = UIInterfaceOrientationPortrait;
				IPHONEOS_DEPLOYMENT_TARGET = 17.0;
				LD_RUNPATH_SEARCH_PATHS = "$(inherited) @executable_path/Frameworks";
				MARKETING_VERSION = 1.0;
				PRODUCT_BUNDLE_IDENTIFIER = com.copaw.demo;
				PRODUCT_NAME = "$(TARGET_NAME)";
				SDKROOT = iphoneos;
				SUPPORTED_PLATFORMS = "iphoneos iphonesimulator";
				SUPPORTS_MACCATALYST = NO;
				SWIFT_EMIT_LOC_STRINGS = YES;
				SWIFT_VERSION = 5.0;
				TARGETED_DEVICE_FAMILY = 1;
			};
			name = Release;
		};
/* End XCBuildConfiguration section */

/* Begin XCConfigurationList section */
		A90000000000000000000001 /* Build configuration list for PBXProject "copaw" */ = {
			isa = XCConfigurationList;
			buildConfigurations = (
				A80000000000000000000001 /* Debug */,
				A80000000000000000000002 /* Release */,
			);
			defaultConfigurationIsVisible = 0;
			defaultConfigurationName = Release;
		};
		A90000000000000000000002 /* Build configuration list for PBXNativeTarget "copaw" */ = {
			isa = XCConfigurationList;
			buildConfigurations = (
				A80000000000000000000003 /* Debug */,
				A80000000000000000000004 /* Release */,
			);
			defaultConfigurationIsVisible = 0;
			defaultConfigurationName = Release;
		};
/* End XCConfigurationList section */

/* Begin XCRemoteSwiftPackageReference section */
		B10000000000000000000001 /* XCRemoteSwiftPackageReference "firebase-ios-sdk" */ = {
			isa = XCRemoteSwiftPackageReference;
			repositoryURL = "https://github.com/firebase/firebase-ios-sdk.git";
			requirement = {
				kind = upToNextMajorVersion;
				minimumVersion = 12.17.0;
			};
		};
/* End XCRemoteSwiftPackageReference section */

/* Begin XCSwiftPackageProductDependency section */
		C10000000000000000000001 /* FirebaseCore */ = {
			isa = XCSwiftPackageProductDependency;
			package = B10000000000000000000001 /* XCRemoteSwiftPackageReference "firebase-ios-sdk" */;
			productName = FirebaseCore;
		};
		C10000000000000000000002 /* FirebaseAuth */ = {
			isa = XCSwiftPackageProductDependency;
			package = B10000000000000000000001 /* XCRemoteSwiftPackageReference "firebase-ios-sdk" */;
			productName = FirebaseAuth;
		};
		C10000000000000000000003 /* FirebaseFirestore */ = {
			isa = XCSwiftPackageProductDependency;
			package = B10000000000000000000001 /* XCRemoteSwiftPackageReference "firebase-ios-sdk" */;
			productName = FirebaseFirestore;
		};
/* End XCSwiftPackageProductDependency section */
	};
	rootObject = A60000000000000000000001 /* Project object */;
}
